
Microsoft Visual Studio Solution File, Format Version 12.00
# Visual Studio Version 17
VisualStudioVersion = 17.1.32328.378
MinimumVisualStudioVersion = 10.0.40219.1
Project("{9A19103F-16F7-4668-BE54-9A1E7A4F7556}") = "webservice_correios.API", "webservice_correios\webservice_correios.API.csproj", "{D2CE5C1C-959B-4AA2-8684-6B8A51B81DED}"
EndProject
Project("{FAE04EC0-301F-11D3-BF4B-00C04F79EFBC}") = "DataTransferObject.Domain", "DataTransferObject.Domain\DataTransferObject.Domain.csproj", "{162A6892-5C90-4700-98CA-CBEDF1A840E3}"
EndProject
Project("{FAE04EC0-301F-11D3-BF4B-00C04F79EFBC}") = "Correios.Application", "Correios.Application\Correios.Application.csproj", "{1B6D24A1-2667-4D5D-B99F-78D59840FF61}"
EndProject
Project("{FAE04EC0-301F-11D3-BF4B-00C04F79EFBC}") = "Correios.Domain", "Correios.Domain\Correios.Domain.csproj", "{5EE3667B-4675-4993-B257-245060E505F2}"
EndProject
Project("{FAE04EC0-301F-11D3-BF4B-00C04F79EFBC}") = "WebServicesCorreios", "WebServicesCorreios\WebServicesCorreios.csproj", "{23D7AB6E-75E7-4FB0-BCAB-9209432CA76C}"
EndProject
Global
	GlobalSection(SolutionConfigurationPlatforms) = preSolution
		Debug|Any CPU = Debug|Any CPU
		Release|Any CPU = Release|Any CPU
	EndGlobalSection
	GlobalSection(ProjectConfigurationPlatforms) = postSolution
		{D2CE5C1C-959B-4AA2-8684-6B8A51B81DED}.Debug|Any CPU.ActiveCfg = Debug|Any CPU
		{D2CE5C1C-959B-4AA2-8684-6B8A51B81DED}.Debug|Any CPU.Build.0 = Debug|Any CPU
		{D2CE5C1C-959B-4AA2-8684-6B8A51B81DED}.Release|Any CPU.ActiveCfg = Release|Any CPU
		{D2CE5C1C-959B-4AA2-8684-6B8A51B81DED}.Release|Any CPU.Build.0 = Release|Any CPU
		{162A6892-5C90-4700-98CA-CBEDF1A840E3}.Debug|Any CPU.ActiveCfg = Debug|Any CPU
		{162A6892-5C90-4700-98CA-CBEDF1A840E3}.Debug|Any CPU.Build.0 = Debug|Any CPU
		{162A6892-5C90-4700-98CA-CBEDF1A840E3}.Release|Any CPU.ActiveCfg = Release|Any CPU
		{162A6892-5C90-4700-98CA-CBEDF1A840E3}.Release|Any CPU.Build.0 = Release|Any CPU
		{1B6D24A1-2667-4D5D-B99F-78D59840FF61}.Debug|Any CPU.ActiveCfg = Debug|Any CPU
		{1B6D24A1-2667-4D5D-B99F-78D59840FF61}.Debug|Any CPU.Build.0 = Debug|Any CPU
		{1B6D24A1-2667-4D5D-B99F-78D59840FF61}.Release|Any CPU.ActiveCfg = Release|Any CPU
		{1B6D24A1-2667-4D5D-B99F-78D59840FF61}.Release|Any CPU.Build.0 = Release|Any CPU
		{5EE3667B-4675-4993-B257-245060E505F2}.Debug|Any CPU.ActiveCfg = Debug|Any CPU
		{5EE3667B-4675-4993-B257-245060E505F2}.Debug|Any CPU.Build.0 = Debug|Any CPU
		{5EE3667B-4675-4993-B257-245060E505F2}.Release|Any CPU.ActiveCfg = Release|Any CPU
		{5EE3667B-4675-4993-B257-245060E505F2}.Release|Any CPU.Build.0 = Release|Any CPU
		{23D7AB6E-75E7-4FB0-BCAB-9209432CA76C}.Debug|Any CPU.ActiveCfg = Debug|Any CPU
		{23D7AB6E-75E7-4FB0-BCAB-9209432CA76C}.Debug|Any CPU.Build.0 = Debug|Any CPU
		{23D7AB6E-75E7-4FB0-BCAB-9209432CA76C}.Release|Any CPU.ActiveCfg = Release|Any CPU
		{23D7AB6E-75E7-4FB0-BCAB-9209432CA76C}.Release|Any CPU.Build.0 = Release|Any CPU
	EndGlobalSection
	GlobalSection(SolutionProperties) = preSolution
		HideSolutionNode = FALSE
	EndGlobalSection
	GlobalSection(ExtensibilityGlobals) = postSolution
		SolutionGuid = {332E18AD-EC46-4F9D-9BAE-26303B7DF0A3}
	EndGlobalSection
EndGlobal
